
Microsoft Visual Studio Solution File, Format Version 12.00
# Visual Studio Version 17
VisualStudioVersion = 17.3.32929.385
MinimumVisualStudioVersion = 10.0.40219.1
Project("{FAE04EC0-301F-11D3-BF4B-00C04F79EFBC}") = "Ex_03_Project_Repo_Method", "Ex_03_Project_Repo_Method\Ex_03_Project_Repo_Method.csproj", "{D2419A42-083A-4A3E-9C0C-647AED93C09C}"
EndProject
Project("{FAE04EC0-301F-11D3-BF4B-00C04F79EFBC}") = "Ex_03_Project_Repo_Factory", "Ex_03_Project_Repo_Factory\Ex_03_Project_Repo_Factory.csproj", "{C58D3E86-8E09-45FD-A9B3-37B7D804B61D}"
EndProject
Global
	GlobalSection(SolutionConfigurationPlatforms) = preSolution
		Debug|Any CPU = Debug|Any CPU
		Release|Any CPU = Release|Any CPU
	EndGlobalSection
	GlobalSection(ProjectConfigurationPlatforms) = postSolution
		{D2419A42-083A-4A3E-9C0C-647AED93C09C}.Debug|Any CPU.ActiveCfg = Debug|Any CPU
		{D2419A42-083A-4A3E-9C0C-647AED93C09C}.Debug|Any CPU.Build.0 = Debug|Any CPU
		{D2419A42-083A-4A3E-9C0C-647AED93C09C}.Release|Any CPU.ActiveCfg = Release|Any CPU
		{D2419A42-083A-4A3E-9C0C-647AED93C09C}.Release|Any CPU.Build.0 = Release|Any CPU
		{C58D3E86-8E09-45FD-A9B3-37B7D804B61D}.Debug|Any CPU.ActiveCfg = Debug|Any CPU
		{C58D3E86-8E09-45FD-A9B3-37B7D804B61D}.Debug|Any CPU.Build.0 = Debug|Any CPU
		{C58D3E86-8E09-45FD-A9B3-37B7D804B61D}.Release|Any CPU.ActiveCfg = Release|Any CPU
		{C58D3E86-8E09-45FD-A9B3-37B7D804B61D}.Release|Any CPU.Build.0 = Release|Any CPU
	EndGlobalSection
	GlobalSection(SolutionProperties) = preSolution
		HideSolutionNode = FALSE
	EndGlobalSection
	GlobalSection(ExtensibilityGlobals) = postSolution
		SolutionGuid = {D4BD9996-DDAA-4392-9050-AC69A4C463FA}
	EndGlobalSection
EndGlobal
